github.com/Xsf57i2G/cam v0.0.0-20241201113216-84835165eb3a h1:GMgMRHyAHUDDhW7HuuzWd+ksfThcEP77EBbPMIpgxWI=
github.com/Xsf57i2G/cam v0.0.0-20241201113216-84835165eb3a/go.mod h1:U3Us4ilOekw2evsFndQHbUeyZ897EclbUWd27u2n2GE=
github.com/Xsf57i2G/geom v0.0.0-20241201112731-adce9808051c h1:6/goEAQ/KBPlqyqb6xvHaKUoOmxsy7s/7IxMRNggI5I=
github.com/Xsf57i2G/geom v0.0.0-20241201112731-adce9808051c/go.mod h1:qyHaykJ4T51wTeR8O9gcLWbjSn9GJQfipFNOyPWUgVY=
